
Microsoft Visual Studio Solution File, Format Version 12.00
# Visual Studio Version 16
VisualStudioVersion = 16.0.30717.126
MinimumVisualStudioVersion = 10.0.40219.1
Project("{9A19103F-16F7-4668-BE54-9A1E7A4F7556}") = "Terminal.Gui", "..\..\Lib\gui.cs\Terminal.Gui\Terminal.Gui.csproj", "{E886D492-99BD-42E6-9C7E-D3B180AF656D}"
EndProject
Project("{9A19103F-16F7-4668-BE54-9A1E7A4F7556}") = "MyTelegramClient", "MyTelegramClient\MyTelegramClient.csproj", "{1489EA72-A8A4-4DF9-9EC2-FD14DA6DB060}"
EndProject
Project("{2150E333-8FDC-42A3-9474-1A3956D46DE8}") = "Lib", "Lib", "{37ED6800-AA40-465A-B67A-AECDE659F0E6}"
EndProject
Project("{2150E333-8FDC-42A3-9474-1A3956D46DE8}") = "Examples", "Examples", "{9B3A41B7-7F6A-434B-982D-2FC86A67AC25}"
EndProject
Project("{9A19103F-16F7-4668-BE54-9A1E7A4F7556}") = "UICatalog", "..\..\Lib\gui.cs\UICatalog\UICatalog.csproj", "{E57579C0-3D51-4FB7-BF0B-3059375B46F1}"
EndProject
Project("{9A19103F-16F7-4668-BE54-9A1E7A4F7556}") = "Example", "..\..\Lib\gui.cs\Example\Example.csproj", "{FD72B83A-9712-4F44-867A-0777A13250BA}"
EndProject
Project("{9A19103F-16F7-4668-BE54-9A1E7A4F7556}") = "StandaloneExample", "..\..\Lib\gui.cs\StandaloneExample\StandaloneExample.csproj", "{301B4B18-7AEF-4E21-A1E6-88A384EB5C95}"
EndProject
Project("{9A19103F-16F7-4668-BE54-9A1E7A4F7556}") = "ReactiveExample", "..\..\Lib\gui.cs\ReactiveExample\ReactiveExample.csproj", "{03C029F6-3E3E-4671-812E-DA0EE7DA3E29}"
EndProject
Project("{9A19103F-16F7-4668-BE54-9A1E7A4F7556}") = "TgSharp.TLCore", "..\..\Lib\TgSharp\src\TgSharp.TL\TgSharp.TLCore.csproj", "{B370CC92-F8F2-4F94-BD39-B7D7F1467324}"
EndProject
Project("{9A19103F-16F7-4668-BE54-9A1E7A4F7556}") = "TgSharp.CoreCore", "..\..\Lib\TgSharp\src\TgSharp.Core\TgSharp.CoreCore.csproj", "{AE39CAF6-A9FC-4312-B296-9346A81F3D9F}"
EndProject
Project("{9A19103F-16F7-4668-BE54-9A1E7A4F7556}") = "TLSharp.CoreCore", "..\..\Lib\TLSharp\TLSharp.Core\TLSharp.CoreCore.csproj", "{EC3BBC3F-390A-444C-8948-866472B388A8}"
EndProject
Project("{9A19103F-16F7-4668-BE54-9A1E7A4F7556}") = "TeleSharp.TLCore", "..\..\Lib\TLSharp\TeleSharp.TL\TeleSharp.TLCore.csproj", "{746A8B15-B990-4C4F-BCA3-79E288F03DD8}"
EndProject
Global
	GlobalSection(SolutionConfigurationPlatforms) = preSolution
		Debug|Any CPU = Debug|Any CPU
		Release|Any CPU = Release|Any CPU
	EndGlobalSection
	GlobalSection(ProjectConfigurationPlatforms) = postSolution
		{E886D492-99BD-42E6-9C7E-D3B180AF656D}.Debug|Any CPU.ActiveCfg = Debug|Any CPU
		{E886D492-99BD-42E6-9C7E-D3B180AF656D}.Debug|Any CPU.Build.0 = Debug|Any CPU
		{E886D492-99BD-42E6-9C7E-D3B180AF656D}.Release|Any CPU.ActiveCfg = Release|Any CPU
		{E886D492-99BD-42E6-9C7E-D3B180AF656D}.Release|Any CPU.Build.0 = Release|Any CPU
		{1489EA72-A8A4-4DF9-9EC2-FD14DA6DB060}.Debug|Any CPU.ActiveCfg = Debug|Any CPU
		{1489EA72-A8A4-4DF9-9EC2-FD14DA6DB060}.Debug|Any CPU.Build.0 = Debug|Any CPU
		{1489EA72-A8A4-4DF9-9EC2-FD14DA6DB060}.Release|Any CPU.ActiveCfg = Release|Any CPU
		{1489EA72-A8A4-4DF9-9EC2-FD14DA6DB060}.Release|Any CPU.Build.0 = Release|Any CPU
		{E57579C0-3D51-4FB7-BF0B-3059375B46F1}.Debug|Any CPU.ActiveCfg = Debug|Any CPU
		{E57579C0-3D51-4FB7-BF0B-3059375B46F1}.Debug|Any CPU.Build.0 = Debug|Any CPU
		{E57579C0-3D51-4FB7-BF0B-3059375B46F1}.Release|Any CPU.ActiveCfg = Release|Any CPU
		{E57579C0-3D51-4FB7-BF0B-3059375B46F1}.Release|Any CPU.Build.0 = Release|Any CPU
		{FD72B83A-9712-4F44-867A-0777A13250BA}.Debug|Any CPU.ActiveCfg = Debug|Any CPU
		{FD72B83A-9712-4F44-867A-0777A13250BA}.Debug|Any CPU.Build.0 = Debug|Any CPU
		{FD72B83A-9712-4F44-867A-0777A13250BA}.Release|Any CPU.ActiveCfg = Release|Any CPU
		{FD72B83A-9712-4F44-867A-0777A13250BA}.Release|Any CPU.Build.0 = Release|Any CPU
		{301B4B18-7AEF-4E21-A1E6-88A384EB5C95}.Debug|Any CPU.ActiveCfg = Debug|Any CPU
		{301B4B18-7AEF-4E21-A1E6-88A384EB5C95}.Debug|Any CPU.Build.0 = Debug|Any CPU
		{301B4B18-7AEF-4E21-A1E6-88A384EB5C95}.Release|Any CPU.ActiveCfg = Release|Any CPU
		{301B4B18-7AEF-4E21-A1E6-88A384EB5C95}.Release|Any CPU.Build.0 = Release|Any CPU
		{03C029F6-3E3E-4671-812E-DA0EE7DA3E29}.Debug|Any CPU.ActiveCfg = Debug|Any CPU
		{03C029F6-3E3E-4671-812E-DA0EE7DA3E29}.Debug|Any CPU.Build.0 = Debug|Any CPU
		{03C029F6-3E3E-4671-812E-DA0EE7DA3E29}.Release|Any CPU.ActiveCfg = Release|Any CPU
		{03C029F6-3E3E-4671-812E-DA0EE7DA3E29}.Release|Any CPU.Build.0 = Release|Any CPU
		{B370CC92-F8F2-4F94-BD39-B7D7F1467324}.Debug|Any CPU.ActiveCfg = Debug|Any CPU
		{B370CC92-F8F2-4F94-BD39-B7D7F1467324}.Debug|Any CPU.Build.0 = Debug|Any CPU
		{B370CC92-F8F2-4F94-BD39-B7D7F1467324}.Release|Any CPU.ActiveCfg = Release|Any CPU
		{B370CC92-F8F2-4F94-BD39-B7D7F1467324}.Release|Any CPU.Build.0 = Release|Any CPU
		{AE39CAF6-A9FC-4312-B296-9346A81F3D9F}.Debug|Any CPU.ActiveCfg = Debug|Any CPU
		{AE39CAF6-A9FC-4312-B296-9346A81F3D9F}.Debug|Any CPU.Build.0 = Debug|Any CPU
		{AE39CAF6-A9FC-4312-B296-9346A81F3D9F}.Release|Any CPU.ActiveCfg = Release|Any CPU
		{AE39CAF6-A9FC-4312-B296-9346A81F3D9F}.Release|Any CPU.Build.0 = Release|Any CPU
		{EC3BBC3F-390A-444C-8948-866472B388A8}.Debug|Any CPU.ActiveCfg = Debug|Any CPU
		{EC3BBC3F-390A-444C-8948-866472B388A8}.Debug|Any CPU.Build.0 = Debug|Any CPU
		{EC3BBC3F-390A-444C-8948-866472B388A8}.Release|Any CPU.ActiveCfg = Release|Any CPU
		{EC3BBC3F-390A-444C-8948-866472B388A8}.Release|Any CPU.Build.0 = Release|Any CPU
		{746A8B15-B990-4C4F-BCA3-79E288F03DD8}.Debug|Any CPU.ActiveCfg = Debug|Any CPU
		{746A8B15-B990-4C4F-BCA3-79E288F03DD8}.Debug|Any CPU.Build.0 = Debug|Any CPU
		{746A8B15-B990-4C4F-BCA3-79E288F03DD8}.Release|Any CPU.ActiveCfg = Release|Any CPU
		{746A8B15-B990-4C4F-BCA3-79E288F03DD8}.Release|Any CPU.Build.0 = Release|Any CPU
	EndGlobalSection
	GlobalSection(SolutionProperties) = preSolution
		HideSolutionNode = FALSE
	EndGlobalSection
	GlobalSection(NestedProjects) = preSolution
		{E886D492-99BD-42E6-9C7E-D3B180AF656D} = {37ED6800-AA40-465A-B67A-AECDE659F0E6}
		{E57579C0-3D51-4FB7-BF0B-3059375B46F1} = {9B3A41B7-7F6A-434B-982D-2FC86A67AC25}
		{FD72B83A-9712-4F44-867A-0777A13250BA} = {9B3A41B7-7F6A-434B-982D-2FC86A67AC25}
		{301B4B18-7AEF-4E21-A1E6-88A384EB5C95} = {9B3A41B7-7F6A-434B-982D-2FC86A67AC25}
		{03C029F6-3E3E-4671-812E-DA0EE7DA3E29} = {9B3A41B7-7F6A-434B-982D-2FC86A67AC25}
		{B370CC92-F8F2-4F94-BD39-B7D7F1467324} = {37ED6800-AA40-465A-B67A-AECDE659F0E6}
		{AE39CAF6-A9FC-4312-B296-9346A81F3D9F} = {37ED6800-AA40-465A-B67A-AECDE659F0E6}
		{EC3BBC3F-390A-444C-8948-866472B388A8} = {37ED6800-AA40-465A-B67A-AECDE659F0E6}
		{746A8B15-B990-4C4F-BCA3-79E288F03DD8} = {37ED6800-AA40-465A-B67A-AECDE659F0E6}
	EndGlobalSection
	GlobalSection(ExtensibilityGlobals) = postSolution
		SolutionGuid = {C0D9DE0D-AA46-4577-BC6D-503566D66136}
	EndGlobalSection
	GlobalSection(MonoDevelopProperties) = preSolution
		Policies = $0
		$0.TextStylePolicy = $1
		$1.inheritsSet = VisualStudio
		$1.inheritsScope = text/plain
		$1.scope = text/x-csharp
		$0.CSharpFormattingPolicy = $2
		$2.IndentSwitchBody = True
		$2.IndentBlocksInsideExpressions = True
		$2.AnonymousMethodBraceStyle = NextLine
		$2.PropertyBraceStyle = NextLine
		$2.PropertyGetBraceStyle = NextLine
		$2.PropertySetBraceStyle = NextLine
		$2.EventBraceStyle = NextLine
		$2.EventAddBraceStyle = NextLine
		$2.EventRemoveBraceStyle = NextLine
		$2.StatementBraceStyle = NextLine
		$2.ElseNewLinePlacement = NewLine
		$2.CatchNewLinePlacement = NewLine
		$2.FinallyNewLinePlacement = NewLine
		$2.WhileNewLinePlacement = DoNotCare
		$2.ArrayInitializerWrapping = DoNotChange
		$2.ArrayInitializerBraceStyle = NextLine
		$2.BeforeMethodDeclarationParentheses = False
		$2.BeforeMethodCallParentheses = False
		$2.BeforeConstructorDeclarationParentheses = False
		$2.NewLineBeforeConstructorInitializerColon = NewLine
		$2.NewLineAfterConstructorInitializerColon = SameLine
		$2.BeforeDelegateDeclarationParentheses = False
		$2.NewParentheses = False
		$2.SpacesBeforeBrackets = False
		$2.inheritsSet = Mono
		$2.inheritsScope = text/x-csharp
		$2.scope = text/x-csharp
	EndGlobalSection
EndGlobal
